
Microsoft Visual Studio Solution File, Format Version 12.00
# Visual Studio Version 16
VisualStudioVersion = 16.0.31729.503
MinimumVisualStudioVersion = 10.0.40219.1
Project("{FAE04EC0-301F-11D3-BF4B-00C04F79EFBC}") = "Business", "Business\Business.csproj", "{CFC623EE-69C0-4B59-AEBC-54A879BEC89F}"
EndProject
Project("{FAE04EC0-301F-11D3-BF4B-00C04F79EFBC}") = "DataAccess", "DataAccess\DataAccess.csproj", "{850404CE-FA43-42D9-8F72-90FAF8237835}"
EndProject
Project("{FAE04EC0-301F-11D3-BF4B-00C04F79EFBC}") = "Entities", "Entities\Entities.csproj", "{B271EBA7-6BB6-4C54-B208-F9F9B4FAE154}"
EndProject
Project("{FAE04EC0-301F-11D3-BF4B-00C04F79EFBC}") = "WebAPI", "WebAPI\WebAPI.csproj", "{7D01CE50-015D-4684-A8D4-AB84D84C88F0}"
EndProject
Project("{FAE04EC0-301F-11D3-BF4B-00C04F79EFBC}") = "WebUI", "WebUI\WebUI.csproj", "{32DED253-7711-4E41-BAE9-879B98744AB0}"
EndProject
Global
	GlobalSection(SolutionConfigurationPlatforms) = preSolution
		Debug|Any CPU = Debug|Any CPU
		Release|Any CPU = Release|Any CPU
	EndGlobalSection
	GlobalSection(ProjectConfigurationPlatforms) = postSolution
		{CFC623EE-69C0-4B59-AEBC-54A879BEC89F}.Debug|Any CPU.ActiveCfg = Debug|Any CPU
		{CFC623EE-69C0-4B59-AEBC-54A879BEC89F}.Debug|Any CPU.Build.0 = Debug|Any CPU
		{CFC623EE-69C0-4B59-AEBC-54A879BEC89F}.Release|Any CPU.ActiveCfg = Release|Any CPU
		{CFC623EE-69C0-4B59-AEBC-54A879BEC89F}.Release|Any CPU.Build.0 = Release|Any CPU
		{850404CE-FA43-42D9-8F72-90FAF8237835}.Debug|Any CPU.ActiveCfg = Debug|Any CPU
		{850404CE-FA43-42D9-8F72-90FAF8237835}.Debug|Any CPU.Build.0 = Debug|Any CPU
		{850404CE-FA43-42D9-8F72-90FAF8237835}.Release|Any CPU.ActiveCfg = Release|Any CPU
		{850404CE-FA43-42D9-8F72-90FAF8237835}.Release|Any CPU.Build.0 = Release|Any CPU
		{B271EBA7-6BB6-4C54-B208-F9F9B4FAE154}.Debug|Any CPU.ActiveCfg = Debug|Any CPU
		{B271EBA7-6BB6-4C54-B208-F9F9B4FAE154}.Debug|Any CPU.Build.0 = Debug|Any CPU
		{B271EBA7-6BB6-4C54-B208-F9F9B4FAE154}.Release|Any CPU.ActiveCfg = Release|Any CPU
		{B271EBA7-6BB6-4C54-B208-F9F9B4FAE154}.Release|Any CPU.Build.0 = Release|Any CPU
		{7D01CE50-015D-4684-A8D4-AB84D84C88F0}.Debug|Any CPU.ActiveCfg = Debug|Any CPU
		{7D01CE50-015D-4684-A8D4-AB84D84C88F0}.Debug|Any CPU.Build.0 = Debug|Any CPU
		{7D01CE50-015D-4684-A8D4-AB84D84C88F0}.Release|Any CPU.ActiveCfg = Release|Any CPU
		{7D01CE50-015D-4684-A8D4-AB84D84C88F0}.Release|Any CPU.Build.0 = Release|Any CPU
		{32DED253-7711-4E41-BAE9-879B98744AB0}.Debug|Any CPU.ActiveCfg = Debug|Any CPU
		{32DED253-7711-4E41-BAE9-879B98744AB0}.Debug|Any CPU.Build.0 = Debug|Any CPU
		{32DED253-7711-4E41-BAE9-879B98744AB0}.Release|Any CPU.ActiveCfg = Release|Any CPU
		{32DED253-7711-4E41-BAE9-879B98744AB0}.Release|Any CPU.Build.0 = Release|Any CPU
	EndGlobalSection
	GlobalSection(SolutionProperties) = preSolution
		HideSolutionNode = FALSE
	EndGlobalSection
	GlobalSection(ExtensibilityGlobals) = postSolution
		SolutionGuid = {8749B558-FB3C-4A3B-9928-198B50B1B174}
	EndGlobalSection
EndGlobal
